// !$*UTF8*$!
{
	archiveVersion = 1;
	classes = {
	};
	objectVersion = 51;
	objects = {

/* Begin PBXBuildFile section */
		1800E0A2223D3C5F00F4877E /* AppDelegate.swift in Sources */ = {isa = PBXBuildFile; fileRef = 1800E0A1223D3C5F00F4877E /* AppDelegate.swift */; };
		1800E0A4223D3C5F00F4877E /* ViewController.swift in Sources */ = {isa = PBXBuildFile; fileRef = 1800E0A3223D3C5F00F4877E /* ViewController.swift */; };
		1800E0A7223D3C5F00F4877E /* Main.storyboard in Resources */ = {isa = PBXBuildFile; fileRef = 1800E0A5223D3C5F00F4877E /* Main.storyboard */; };
		1800E0A9223D3C6100F4877E /* Assets.xcassets in Resources */ = {isa = PBXBuildFile; fileRef = 1800E0A8223D3C6100F4877E /* Assets.xcassets */; };
		1800E0AC223D3C6100F4877E /* LaunchScreen.storyboard in Resources */ = {isa = PBXBuildFile; fileRef = 1800E0AA223D3C6100F4877E /* LaunchScreen.storyboard */; };
		1800E0B7223D43BB00F4877E /* WordShowCtrler.swift in Sources */ = {isa = PBXBuildFile; fileRef = 1800E0B6223D43BB00F4877E /* WordShowCtrler.swift */; };
		18020D642249CEEC00FA4A8D /* Tianshi-SunOld.ttf in Resources */ = {isa = PBXBuildFile; fileRef = 18020D632249CEEC00FA4A8D /* Tianshi-SunOld.ttf */; };
		18020DD3224A2F0800FA4A8D /* IconFontUseCtrler.swift in Sources */ = {isa = PBXBuildFile; fileRef = 18020DD2224A2F0800FA4A8D /* IconFontUseCtrler.swift */; };
		1809B485223F317000C8B561 /* ICNavigationController.swift in Sources */ = {isa = PBXBuildFile; fileRef = 1809B484223F317000C8B561 /* ICNavigationController.swift */; };
		1809B49B223FA1FB00C8B561 /* ICViewController.swift in Sources */ = {isa = PBXBuildFile; fileRef = 1809B49A223FA1FB00C8B561 /* ICViewController.swift */; };
		182701BC2251A303009AD200 /* UIColorExt.swift in Sources */ = {isa = PBXBuildFile; fileRef = 182701BB2251A303009AD200 /* UIColorExt.swift */; };
		18D91DD5224CC194008224DF /* 杨任东竹石体-Regular.ttf in Resources */ = {isa = PBXBuildFile; fileRef = 18D91DD4224CC194008224DF /* 杨任东竹石体-Regular.ttf */; };
		18D91DD7224CCFBA008224DF /* iconfont.ttf in Resources */ = {isa = PBXBuildFile; fileRef = 18D91DD6224CCFBA008224DF /* iconfont.ttf */; };
		242E931D96920EB9F48326EE /* Pods_IdeaCheck.framework in Frameworks */ = {isa = PBXBuildFile; fileRef = 2BF8B50729DCC782D9ED76E5 /* Pods_IdeaCheck.framework */; };
		7016388322FD151200F2CC59 /* GlowLabel.swift in Sources */ = {isa = PBXBuildFile; fileRef = 7016388222FD151200F2CC59 /* GlowLabel.swift */; };
		7021E03222F137BC004D8372 /* PopAnimationCtrler.swift in Sources */ = {isa = PBXBuildFile; fileRef = 7021E03022F137BC004D8372 /* PopAnimationCtrler.swift */; };
		7021E03322F137BC004D8372 /* PopAnimationCtrler.xib in Resources */ = {isa = PBXBuildFile; fileRef = 7021E03122F137BC004D8372 /* PopAnimationCtrler.xib */; };
		70246C7722F58AF70071B68B /* NeonLightEffectCtrler.swift in Sources */ = {isa = PBXBuildFile; fileRef = 70246C7522F58AF70071B68B /* NeonLightEffectCtrler.swift */; };
		70246C7822F58AF70071B68B /* NeonLightEffectCtrler.xib in Resources */ = {isa = PBXBuildFile; fileRef = 70246C7622F58AF70071B68B /* NeonLightEffectCtrler.xib */; };
		70326B7422F81B7F0079FBC9 /* GlowLayer.swift in Sources */ = {isa = PBXBuildFile; fileRef = 70326B7322F81B7F0079FBC9 /* GlowLayer.swift */; };
/* End PBXBuildFile section */

/* Begin PBXFileReference section */
		1800E09E223D3C5F00F4877E /* IdeaCheck.app */ = {isa = PBXFileReference; explicitFileType = wrapper.application; includeInIndex = 0; path = IdeaCheck.app; sourceTree = BUILT_PRODUCTS_DIR; };
		1800E0A1223D3C5F00F4877E /* AppDelegate.swift */ = {isa = PBXFileReference; lastKnownFileType = sourcecode.swift; path = AppDelegate.swift; sourceTree = "<group>"; };
		1800E0A3223D3C5F00F4877E /* ViewController.swift */ = {isa = PBXFileReference; lastKnownFileType = sourcecode.swift; path = ViewController.swift; sourceTree = "<group>"; };
		1800E0A6223D3C5F00F4877E /* Base */ = {isa = PBXFileReference; lastKnownFileType = file.storyboard; name = Base; path = Base.lproj/Main.storyboard; sourceTree = "<group>"; };
		1800E0A8223D3C6100F4877E /* Assets.xcassets */ = {isa = PBXFileReference; lastKnownFileType = folder.assetcatalog; path = Assets.xcassets; sourceTree = "<group>"; };
		1800E0AB223D3C6100F4877E /* Base */ = {isa = PBXFileReference; lastKnownFileType = file.storyboard; name = Base; path = Base.lproj/LaunchScreen.storyboard; sourceTree = "<group>"; };
		1800E0AD223D3C6100F4877E /* Info.plist */ = {isa = PBXFileReference; lastKnownFileType = text.plist.xml; path = Info.plist; sourceTree = "<group>"; };
		1800E0B6223D43BB00F4877E /* WordShowCtrler.swift */ = {isa = PBXFileReference; lastKnownFileType = sourcecode.swift; path = WordShowCtrler.swift; sourceTree = "<group>"; };
		18020D632249CEEC00FA4A8D /* Tianshi-SunOld.ttf */ = {isa = PBXFileReference; lastKnownFileType = file; path = "Tianshi-SunOld.ttf"; sourceTree = "<group>"; };
		18020DD2224A2F0800FA4A8D /* IconFontUseCtrler.swift */ = {isa = PBXFileReference; lastKnownFileType = sourcecode.swift; path = IconFontUseCtrler.swift; sourceTree = "<group>"; };
		1809B484223F317000C8B561 /* ICNavigationController.swift */ = {isa = PBXFileReference; lastKnownFileType = sourcecode.swift; path = ICNavigationController.swift; sourceTree = "<group>"; };
		1809B49A223FA1FB00C8B561 /* ICViewController.swift */ = {isa = PBXFileReference; lastKnownFileType = sourcecode.swift; path = ICViewController.swift; sourceTree = "<group>"; };
		182701BB2251A303009AD200 /* UIColorExt.swift */ = {isa = PBXFileReference; lastKnownFileType = sourcecode.swift; path = UIColorExt.swift; sourceTree = "<group>"; };
		18D91DD4224CC194008224DF /* 杨任东竹石体-Regular.ttf */ = {isa = PBXFileReference; lastKnownFileType = file; path = "杨任东竹石体-Regular.ttf"; sourceTree = "<group>"; };
		18D91DD6224CCFBA008224DF /* iconfont.ttf */ = {isa = PBXFileReference; lastKnownFileType = file; path = iconfont.ttf; sourceTree = "<group>"; };
		2BF8B50729DCC782D9ED76E5 /* Pods_IdeaCheck.framework */ = {isa = PBXFileReference; explicitFileType = wrapper.framework; includeInIndex = 0; path = Pods_IdeaCheck.framework; sourceTree = BUILT_PRODUCTS_DIR; };
		5353FF0B361C8CB553679528 /* Pods-IdeaCheck.debug.xcconfig */ = {isa = PBXFileReference; includeInIndex = 1; lastKnownFileType = text.xcconfig; name = "Pods-IdeaCheck.debug.xcconfig"; path = "Pods/Target Support Files/Pods-IdeaCheck/Pods-IdeaCheck.debug.xcconfig"; sourceTree = "<group>"; };
		7016388222FD151200F2CC59 /* GlowLabel.swift */ = {isa = PBXFileReference; lastKnownFileType = sourcecode.swift; path = GlowLabel.swift; sourceTree = "<group>"; };
		7021E03022F137BC004D8372 /* PopAnimationCtrler.swift */ = {isa = PBXFileReference; lastKnownFileType = sourcecode.swift; path = PopAnimationCtrler.swift; sourceTree = "<group>"; };
		7021E03122F137BC004D8372 /* PopAnimationCtrler.xib */ = {isa = PBXFileReference; lastKnownFileType = file.xib; path = PopAnimationCtrler.xib; sourceTree = "<group>"; };
		70246C7522F58AF70071B68B /* NeonLightEffectCtrler.swift */ = {isa = PBXFileReference; lastKnownFileType = sourcecode.swift; path = NeonLightEffectCtrler.swift; sourceTree = "<group>"; };
		70246C7622F58AF70071B68B /* NeonLightEffectCtrler.xib */ = {isa = PBXFileReference; lastKnownFileType = file.xib; path = NeonLightEffectCtrler.xib; sourceTree = "<group>"; };
		70326B7322F81B7F0079FBC9 /* GlowLayer.swift */ = {isa = PBXFileReference; lastKnownFileType = sourcecode.swift; path = GlowLayer.swift; sourceTree = "<group>"; };
		DDBE7021B835166D07B8EEF5 /* Pods-IdeaCheck.release.xcconfig */ = {isa = PBXFileReference; includeInIndex = 1; lastKnownFileType = text.xcconfig; name = "Pods-IdeaCheck.release.xcconfig"; path = "Pods/Target Support Files/Pods-IdeaCheck/Pods-IdeaCheck.release.xcconfig"; sourceTree = "<group>"; };
/* End PBXFileReference section */

/* Begin PBXFrameworksBuildPhase section */
		1800E09B223D3C5F00F4877E /* Frameworks */ = {
			isa = PBXFrameworksBuildPhase;
			buildActionMask = 2147483647;
			files = (
				242E931D96920EB9F48326EE /* Pods_IdeaCheck.framework in Frameworks */,
			);
			runOnlyForDeploymentPostprocessing = 0;
		};
/* End PBXFrameworksBuildPhase section */

/* Begin PBXGroup section */
		0ACCF0B1261152100008084E /* Pods */ = {
			isa = PBXGroup;
			children = (
				5353FF0B361C8CB553679528 /* Pods-IdeaCheck.debug.xcconfig */,
				DDBE7021B835166D07B8EEF5 /* Pods-IdeaCheck.release.xcconfig */,
			);
			name = Pods;
			sourceTree = "<group>";
		};
		1800E095223D3C5F00F4877E = {
			isa = PBXGroup;
			children = (
				1800E0A0223D3C5F00F4877E /* IdeaCheck */,
				1800E09F223D3C5F00F4877E /* Products */,
				0ACCF0B1261152100008084E /* Pods */,
				492EC60B22E4DD7B0B53059D /* Frameworks */,
			);
			sourceTree = "<group>";
		};
		1800E09F223D3C5F00F4877E /* Products */ = {
			isa = PBXGroup;
			children = (
				1800E09E223D3C5F00F4877E /* IdeaCheck.app */,
			);
			name = Products;
			sourceTree = "<group>";
		};
		1800E0A0223D3C5F00F4877E /* IdeaCheck */ = {
			isa = PBXGroup;
			children = (
				18097ED322431F960004D662 /* Res */,
				1809B483223F314A00C8B561 /* Base */,
				1800E0B5223D439400F4877E /* Ctrlers */,
				1800E0B3223D3D8C00F4877E /* Utils */,
				1800E0A1223D3C5F00F4877E /* AppDelegate.swift */,
				1800E0A3223D3C5F00F4877E /* ViewController.swift */,
				1800E0A5223D3C5F00F4877E /* Main.storyboard */,
				1800E0A8223D3C6100F4877E /* Assets.xcassets */,
				1800E0AA223D3C6100F4877E /* LaunchScreen.storyboard */,
				1800E0AD223D3C6100F4877E /* Info.plist */,
			);
			path = IdeaCheck;
			sourceTree = "<group>";
		};
		1800E0B3223D3D8C00F4877E /* Utils */ = {
			isa = PBXGroup;
			children = (
				1809B482223F30FB00C8B561 /* Ext */,
			);
			path = Utils;
			sourceTree = "<group>";
		};
		1800E0B5223D439400F4877E /* Ctrlers */ = {
			isa = PBXGroup;
			children = (
				1800E0B6223D43BB00F4877E /* WordShowCtrler.swift */,
				18020DD2224A2F0800FA4A8D /* IconFontUseCtrler.swift */,
				7021E03022F137BC004D8372 /* PopAnimationCtrler.swift */,
				7021E03122F137BC004D8372 /* PopAnimationCtrler.xib */,
				70326B6E22F8198F0079FBC9 /* NeonLightAbout */,
			);
			path = Ctrlers;
			sourceTree = "<group>";
		};
		18097ED322431F960004D662 /* Res */ = {
			isa = PBXGroup;
			children = (
				18020D632249CEEC00FA4A8D /* Tianshi-SunOld.ttf */,
				18D91DD4224CC194008224DF /* 杨任东竹石体-Regular.ttf */,
				18D91DD6224CCFBA008224DF /* iconfont.ttf */,
			);
			path = Res;
			sourceTree = "<group>";
		};
		1809B482223F30FB00C8B561 /* Ext */ = {
			isa = PBXGroup;
			children = (
				182701BB2251A303009AD200 /* UIColorExt.swift */,
			);
			path = Ext;
			sourceTree = "<group>";
		};
		1809B483223F314A00C8B561 /* Base */ = {
			isa = PBXGroup;
			children = (
				1809B484223F317000C8B561 /* ICNavigationController.swift */,
				1809B49A223FA1FB00C8B561 /* ICViewController.swift */,
			);
			path = Base;
			sourceTree = "<group>";
		};
		492EC60B22E4DD7B0B53059D /* Frameworks */ = {
			isa = PBXGroup;
			children = (
				2BF8B50729DCC782D9ED76E5 /* Pods_IdeaCheck.framework */,
			);
			name = Frameworks;
			sourceTree = "<group>";
		};
		70326B6E22F8198F0079FBC9 /* NeonLightAbout */ = {
			isa = PBXGroup;
			children = (
				7016388222FD151200F2CC59 /* GlowLabel.swift */,
				70326B7322F81B7F0079FBC9 /* GlowLayer.swift */,
				70246C7522F58AF70071B68B /* NeonLightEffectCtrler.swift */,
				70246C7622F58AF70071B68B /* NeonLightEffectCtrler.xib */,
			);
			path = NeonLightAbout;
			sourceTree = "<group>";
		};
/* End PBXGroup section */

/* Begin PBXNativeTarget section */
		1800E09D223D3C5F00F4877E /* IdeaCheck */ = {
			isa = PBXNativeTarget;
			buildConfigurationList = 1800E0B0223D3C6100F4877E /* Build configuration list for PBXNativeTarget "IdeaCheck" */;
			buildPhases = (
				6548D970D94561F78F99DFF6 /* [CP] Check Pods Manifest.lock */,
				1800E09A223D3C5F00F4877E /* Sources */,
				1800E09B223D3C5F00F4877E /* Frameworks */,
				1800E09C223D3C5F00F4877E /* Resources */,
				0F1DD030349DDA86D853E75A /* [CP] Embed Pods Frameworks */,
			);
			buildRules = (
			);
			dependencies = (
			);
			name = IdeaCheck;
			productName = IdeaCheck;
			productReference = 1800E09E223D3C5F00F4877E /* IdeaCheck.app */;
			productType = "com.apple.product-type.application";
		};
/* End PBXNativeTarget section */

/* Begin PBXProject section */
		1800E096223D3C5F00F4877E /* Project object */ = {
			isa = PBXProject;
			attributes = {
				LastSwiftUpdateCheck = 1010;
				LastUpgradeCheck = 1010;
				ORGANIZATIONNAME = lydsnm;
				TargetAttributes = {
					1800E09D223D3C5F00F4877E = {
						CreatedOnToolsVersion = 10.1;
					};
				};
			};
			buildConfigurationList = 1800E099223D3C5F00F4877E /* Build configuration list for PBXProject "IdeaCheck" */;
			compatibilityVersion = "Xcode 9.3";
			developmentRegion = en;
			hasScannedForEncodings = 0;
			knownRegions = (
				en,
				Base,
			);
			mainGroup = 1800E095223D3C5F00F4877E;
			productRefGroup = 1800E09F223D3C5F00F4877E /* Products */;
			projectDirPath = "";
			projectRoot = "";
			targets = (
				1800E09D223D3C5F00F4877E /* IdeaCheck */,
			);
		};
/* End PBXProject section */

/* Begin PBXResourcesBuildPhase section */
		1800E09C223D3C5F00F4877E /* Resources */ = {
			isa = PBXResourcesBuildPhase;
			buildActionMask = 2147483647;
			files = (
				18020D642249CEEC00FA4A8D /* Tianshi-SunOld.ttf in Resources */,
				1800E0AC223D3C6100F4877E /* LaunchScreen.storyboard in Resources */,
				18D91DD7224CCFBA008224DF /* iconfont.ttf in Resources */,
				70246C7822F58AF70071B68B /* NeonLightEffectCtrler.xib in Resources */,
				1800E0A9223D3C6100F4877E /* Assets.xcassets in Resources */,
				18D91DD5224CC194008224DF /* 杨任东竹石体-Regular.ttf in Resources */,
				1800E0A7223D3C5F00F4877E /* Main.storyboard in Resources */,
				7021E03322F137BC004D8372 /* PopAnimationCtrler.xib in Resources */,
			);
			runOnlyForDeploymentPostprocessing = 0;
		};
/* End PBXResourcesBuildPhase section */

/* Begin PBXShellScriptBuildPhase section */
		0F1DD030349DDA86D853E75A /* [CP] Embed Pods Frameworks */ = {
			isa = PBXShellScriptBuildPhase;
			buildActionMask = 2147483647;
			files = (
			);
			inputFileListPaths = (
				"${PODS_ROOT}/Target Support Files/Pods-IdeaCheck/Pods-IdeaCheck-frameworks-${CONFIGURATION}-input-files.xcfilelist",
			);
			name = "[CP] Embed Pods Frameworks";
			outputFileListPaths = (
				"${PODS_ROOT}/Target Support Files/Pods-IdeaCheck/Pods-IdeaCheck-frameworks-${CONFIGURATION}-output-files.xcfilelist",
			);
			runOnlyForDeploymentPostprocessing = 0;
			shellPath = /bin/sh;
			shellScript = "\"${PODS_ROOT}/Target Support Files/Pods-IdeaCheck/Pods-IdeaCheck-frameworks.sh\"\n";
			showEnvVarsInLog = 0;
		};
		6548D970D94561F78F99DFF6 /* [CP] Check Pods Manifest.lock */ = {
			isa = PBXShellScriptBuildPhase;
			buildActionMask = 2147483647;
			files = (
			);
			inputFileListPaths = (
			);
			inputPaths = (
				"${PODS_PODFILE_DIR_PATH}/Podfile.lock",
				"${PODS_ROOT}/Manifest.lock",
			);
			name = "[CP] Check Pods Manifest.lock";
			outputFileListPaths = (
			);
			outputPaths = (
				"$(DERIVED_FILE_DIR)/Pods-IdeaCheck-checkManifestLockResult.txt",
			);
			runOnlyForDeploymentPostprocessing = 0;
			shellPath = /bin/sh;
			shellScript = "diff \"${PODS_PODFILE_DIR_PATH}/Podfile.lock\" \"${PODS_ROOT}/Manifest.lock\" > /dev/null\nif [ $? != 0 ] ; then\n    # print error to STDERR\n    echo \"error: The sandbox is not in sync with the Podfile.lock. Run 'pod install' or update your CocoaPods installation.\" >&2\n    exit 1\nfi\n# This output is used by Xcode 'outputs' to avoid re-running this script phase.\necho \"SUCCESS\" > \"${SCRIPT_OUTPUT_FILE_0}\"\n";
			showEnvVarsInLog = 0;
		};
/* End PBXShellScriptBuildPhase section */

/* Begin PBXSourcesBuildPhase section */
		1800E09A223D3C5F00F4877E /* Sources */ = {
			isa = PBXSourcesBuildPhase;
			buildActionMask = 2147483647;
			files = (
				70246C7722F58AF70071B68B /* NeonLightEffectCtrler.swift in Sources */,
				1800E0A4223D3C5F00F4877E /* ViewController.swift in Sources */,
				70326B7422F81B7F0079FBC9 /* GlowLayer.swift in Sources */,
				7016388322FD151200F2CC59 /* GlowLabel.swift in Sources */,
				1809B49B223FA1FB00C8B561 /* ICViewController.swift in Sources */,
				1800E0B7223D43BB00F4877E /* WordShowCtrler.swift in Sources */,
				1800E0A2223D3C5F00F4877E /* AppDelegate.swift in Sources */,
				182701BC2251A303009AD200 /* UIColorExt.swift in Sources */,
				1809B485223F317000C8B561 /* ICNavigationController.swift in Sources */,
				7021E03222F137BC004D8372 /* PopAnimationCtrler.swift in Sources */,
				18020DD3224A2F0800FA4A8D /* IconFontUseCtrler.swift in Sources */,
			);
			runOnlyForDeploymentPostprocessing = 0;
		};
/* End PBXSourcesBuildPhase section */

/* Begin PBXVariantGroup section */
		1800E0A5223D3C5F00F4877E /* Main.storyboard */ = {
			isa = PBXVariantGroup;
			children = (
				1800E0A6223D3C5F00F4877E /* Base */,
			);
			name = Main.storyboard;
			sourceTree = "<group>";
		};
		1800E0AA223D3C6100F4877E /* LaunchScreen.storyboard */ = {
			isa = PBXVariantGroup;
			children = (
				1800E0AB223D3C6100F4877E /* Base */,
			);
			name = LaunchScreen.storyboard;
			sourceTree = "<group>";
		};
/* End PBXVariantGroup section */

/* Begin XCBuildConfiguration section */
		1800E0AE223D3C6100F4877E /* Debug */ = {
			isa = XCBuildConfiguration;
			buildSettings = {
				ALWAYS_SEARCH_USER_PATHS = NO;
				CLANG_ANALYZER_NONNULL = YES;
				CLANG_ANALYZER_NUMBER_OBJECT_CONVERSION = YES_AGGRESSIVE;
				CLANG_CXX_LANGUAGE_STANDARD = "gnu++14";
				CLANG_CXX_LIBRARY = "libc++";
				CLANG_ENABLE_MODULES = YES;
				CLANG_ENABLE_OBJC_ARC = YES;
				CLANG_ENABLE_OBJC_WEAK = YES;
				CLANG_WARN_BLOCK_CAPTURE_AUTORELEASING = YES;
				CLANG_WARN_BOOL_CONVERSION = YES;
				CLANG_WARN_COMMA = YES;
				CLANG_WARN_CONSTANT_CONVERSION = YES;
				CLANG_WARN_DEPRECATED_OBJC_IMPLEMENTATIONS = YES;
				CLANG_WARN_DIRECT_OBJC_ISA_USAGE = YES_ERROR;
				CLANG_WARN_DOCUMENTATION_COMMENTS = YES;
				CLANG_WARN_EMPTY_BODY = YES;
				CLANG_WARN_ENUM_CONVERSION = YES;
				CLANG_WARN_INFINITE_RECURSION = YES;
				CLANG_WARN_INT_CONVERSION = YES;
				CLANG_WARN_NON_LITERAL_NULL_CONVERSION = YES;
				CLANG_WARN_OBJC_IMPLICIT_RETAIN_SELF = YES;
				CLANG_WARN_OBJC_LITERAL_CONVERSION = YES;
				CLANG_WARN_OBJC_ROOT_CLASS = YES_ERROR;
				CLANG_WARN_RANGE_LOOP_ANALYSIS = YES;
				CLANG_WARN_STRICT_PROTOTYPES = YES;
				CLANG_WARN_SUSPICIOUS_MOVE = YES;
				CLANG_WARN_UNGUARDED_AVAILABILITY = YES_AGGRESSIVE;
				CLANG_WARN_UNREACHABLE_CODE = YES;
				CLANG_WARN__DUPLICATE_METHOD_MATCH = YES;
				CODE_SIGN_IDENTITY = "iPhone Developer";
				COPY_PHASE_STRIP = NO;
				DEBUG_INFORMATION_FORMAT = dwarf;
				ENABLE_STRICT_OBJC_MSGSEND = YES;
				ENABLE_TESTABILITY = YES;
				GCC_C_LANGUAGE_STANDARD = gnu11;
				GCC_DYNAMIC_NO_PIC = NO;
				GCC_NO_COMMON_BLOCKS = YES;
				GCC_OPTIMIZATION_LEVEL = 0;
				GCC_PREPROCESSOR_DEFINITIONS = (
					"DEBUG=1",
					"$(inherited)",
				);
				GCC_WARN_64_TO_32_BIT_CONVERSION = YES;
				GCC_WARN_ABOUT_RETURN_TYPE = YES_ERROR;
				GCC_WARN_UNDECLARED_SELECTOR = YES;
				GCC_WARN_UNINITIALIZED_AUTOS = YES_AGGRESSIVE;
				GCC_WARN_UNUSED_FUNCTION = YES;
				GCC_WARN_UNUSED_VARIABLE = YES;
				IPHONEOS_DEPLOYMENT_TARGET = 12.1;
				MTL_ENABLE_DEBUG_INFO = INCLUDE_SOURCE;
				MTL_FAST_MATH = YES;
				ONLY_ACTIVE_ARCH = YES;
				SDKROOT = iphoneos;
				SWIFT_ACTIVE_COMPILATION_CONDITIONS = DEBUG;
				SWIFT_OPTIMIZATION_LEVEL = "-Onone";
			};
			name = Debug;
		};
		1800E0AF223D3C6100F4877E /* Release */ = {
			isa = XCBuildConfiguration;
			buildSettings = {
				ALWAYS_SEARCH_USER_PATHS = NO;
				CLANG_ANALYZER_NONNULL = YES;
				CLANG_ANALYZER_NUMBER_OBJECT_CONVERSION = YES_AGGRESSIVE;
				CLANG_CXX_LANGUAGE_STANDARD = "gnu++14";
				CLANG_CXX_LIBRARY = "libc++";
				CLANG_ENABLE_MODULES = YES;
				CLANG_ENABLE_OBJC_ARC = YES;
				CLANG_ENABLE_OBJC_WEAK = YES;
				CLANG_WARN_BLOCK_CAPTURE_AUTORELEASING = YES;
				CLANG_WARN_BOOL_CONVERSION = YES;
				CLANG_WARN_COMMA = YES;
				CLANG_WARN_CONSTANT_CONVERSION = YES;
				CLANG_WARN_DEPRECATED_OBJC_IMPLEMENTATIONS = YES;
				CLANG_WARN_DIRECT_OBJC_ISA_USAGE = YES_ERROR;
				CLANG_WARN_DOCUMENTATION_COMMENTS = YES;
				CLANG_WARN_EMPTY_BODY = YES;
				CLANG_WARN_ENUM_CONVERSION = YES;
				CLANG_WARN_INFINITE_RECURSION = YES;
				CLANG_WARN_INT_CONVERSION = YES;
				CLANG_WARN_NON_LITERAL_NULL_CONVERSION = YES;
				CLANG_WARN_OBJC_IMPLICIT_RETAIN_SELF = YES;
				CLANG_WARN_OBJC_LITERAL_CONVERSION = YES;
				CLANG_WARN_OBJC_ROOT_CLASS = YES_ERROR;
				CLANG_WARN_RANGE_LOOP_ANALYSIS = YES;
				CLANG_WARN_STRICT_PROTOTYPES = YES;
				CLANG_WARN_SUSPICIOUS_MOVE = YES;
				CLANG_WARN_UNGUARDED_AVAILABILITY = YES_AGGRESSIVE;
				CLANG_WARN_UNREACHABLE_CODE = YES;
				CLANG_WARN__DUPLICATE_METHOD_MATCH = YES;
				CODE_SIGN_IDENTITY = "iPhone Developer";
				COPY_PHASE_STRIP = NO;
				DEBUG_INFORMATION_FORMAT = "dwarf-with-dsym";
				ENABLE_NS_ASSERTIONS = NO;
				ENABLE_STRICT_OBJC_MSGSEND = YES;
				GCC_C_LANGUAGE_STANDARD = gnu11;
				GCC_NO_COMMON_BLOCKS = YES;
				GCC_WARN_64_TO_32_BIT_CONVERSION = YES;
				GCC_WARN_ABOUT_RETURN_TYPE = YES_ERROR;
				GCC_WARN_UNDECLARED_SELECTOR = YES;
				GCC_WARN_UNINITIALIZED_AUTOS = YES_AGGRESSIVE;
				GCC_WARN_UNUSED_FUNCTION = YES;
				GCC_WARN_UNUSED_VARIABLE = YES;
				IPHONEOS_DEPLOYMENT_TARGET = 12.1;
				MTL_ENABLE_DEBUG_INFO = NO;
				MTL_FAST_MATH = YES;
				SDKROOT = iphoneos;
				SWIFT_COMPILATION_MODE = wholemodule;
				SWIFT_OPTIMIZATION_LEVEL = "-O";
				VALIDATE_PRODUCT = YES;
			};
			name = Release;
		};
		1800E0B1223D3C6100F4877E /* Debug */ = {
			isa = XCBuildConfiguration;
			baseConfigurationReference = 5353FF0B361C8CB553679528 /* Pods-IdeaCheck.debug.xcconfig */;
			buildSettings = {
				ASSETCATALOG_COMPILER_APPICON_NAME = AppIcon;
				CODE_SIGN_STYLE = Automatic;
				DEVELOPMENT_TEAM = 3FXLS2N7QR;
				INFOPLIST_FILE = IdeaCheck/Info.plist;
				LD_RUNPATH_SEARCH_PATHS = (
					"$(inherited)",
					"@executable_path/Frameworks",
				);
				PRODUCT_BUNDLE_IDENTIFIER = com.lyds.test1;
				PRODUCT_NAME = "$(TARGET_NAME)";
				SWIFT_VERSION = 4.2;
				TARGETED_DEVICE_FAMILY = "1,2";
			};
			name = Debug;
		};
		1800E0B2223D3C6100F4877E /* Release */ = {
			isa = XCBuildConfiguration;
			baseConfigurationReference = DDBE7021B835166D07B8EEF5 /* Pods-IdeaCheck.release.xcconfig */;
			buildSettings = {
				ASSETCATALOG_COMPILER_APPICON_NAME = AppIcon;
				CODE_SIGN_STYLE = Automatic;
				DEVELOPMENT_TEAM = 3FXLS2N7QR;
				INFOPLIST_FILE = IdeaCheck/Info.plist;
				LD_RUNPATH_SEARCH_PATHS = (
					"$(inherited)",
					"@executable_path/Frameworks",
				);
				PRODUCT_BUNDLE_IDENTIFIER = com.lyds.test1;
				PRODUCT_NAME = "$(TARGET_NAME)";
				SWIFT_VERSION = 4.2;
				TARGETED_DEVICE_FAMILY = "1,2";
			};
			name = Release;
		};
/* End XCBuildConfiguration section */

/* Begin XCConfigurationList section */
		1800E099223D3C5F00F4877E /* Build configuration list for PBXProject "IdeaCheck" */ = {
			isa = XCConfigurationList;
			buildConfigurations = (
				1800E0AE223D3C6100F4877E /* Debug */,
				1800E0AF223D3C6100F4877E /* Release */,
			);
			defaultConfigurationIsVisible = 0;
			defaultConfigurationName = Release;
		};
		1800E0B0223D3C6100F4877E /* Build configuration list for PBXNativeTarget "IdeaCheck" */ = {
			isa = XCConfigurationList;
			buildConfigurations = (
				1800E0B1223D3C6100F4877E /* Debug */,
				1800E0B2223D3C6100F4877E /* Release */,
			);
			defaultConfigurationIsVisible = 0;
			defaultConfigurationName = Release;
		};
/* End XCConfigurationList section */
	};
	rootObject = 1800E096223D3C5F00F4877E /* Project object */;
}
